// !$*UTF8*$!
{
	archiveVersion = 1;
	classes = {
	};
	objectVersion = 56;
	objects = {

/* Begin PBXBuildFile section */
		F783EECE2FB9E642005AADC1 /* AppDelegate.swift in Sources */ = {isa = PBXBuildFile; fileRef = F783EECD2FB9E642005AADC1 /* AppDelegate.swift */; };
		F783EED02FB9E642005AADC1 /* SceneDelegate.swift in Sources */ = {isa = PBXBuildFile; fileRef = F783EECF2FB9E642005AADC1 /* SceneDelegate.swift */; };
		F783EED22FB9E642005AADC1 /* ViewController.swift in Sources */ = {isa = PBXBuildFile; fileRef = F783EED12FB9E642005AADC1 /* ViewController.swift */; };
		F783EED52FB9E642005AADC1 /* Main.storyboard in Resources */ = {isa = PBXBuildFile; fileRef = F783EED32FB9E642005AADC1 /* Main.storyboard */; };
		F783EED72FB9E645005AADC1 /* Assets.xcassets in Resources */ = {isa = PBXBuildFile; fileRef = F783EED62FB9E645005AADC1 /* Assets.xcassets */; };
		F783EEDA2FB9E645005AADC1 /* LaunchScreen.storyboard in Resources */ = {isa = PBXBuildFile; fileRef = F783EED82FB9E645005AADC1 /* LaunchScreen.storyboard */; };
		F783EEE22FB9E89F005AADC1 /* ru.strings in Resources */ = {isa = PBXBuildFile; fileRef = F783EEE12FB9E89F005AADC1 /* ru.strings */; };
		F783EEE42FB9E8BF005AADC1 /* en.strings in Resources */ = {isa = PBXBuildFile; fileRef = F783EEE32FB9E8BF005AADC1 /* en.strings */; };
		F783EEE62FB9E8D9005AADC1 /* be.strings in Resources */ = {isa = PBXBuildFile; fileRef = F783EEE52FB9E8D9005AADC1 /* be.strings */; };
/* End PBXBuildFile section */

/* Begin PBXFileReference section */
		F783EECA2FB9E642005AADC1 /* BodyCalculator.app */ = {isa = PBXFileReference; explicitFileType = wrapper.application; includeInIndex = 0; path = BodyCalculator.app; sourceTree = BUILT_PRODUCTS_DIR; };
		F783EECD2FB9E642005AADC1 /* AppDelegate.swift */ = {isa = PBXFileReference; lastKnownFileType = sourcecode.swift; path = AppDelegate.swift; sourceTree = "<group>"; };
		F783EECF2FB9E642005AADC1 /* SceneDelegate.swift */ = {isa = PBXFileReference; lastKnownFileType = sourcecode.swift; path = SceneDelegate.swift; sourceTree = "<group>"; };
		F783EED12FB9E642005AADC1 /* ViewController.swift */ = {isa = PBXFileReference; lastKnownFileType = sourcecode.swift; path = ViewController.swift; sourceTree = "<group>"; };
		F783EED42FB9E642005AADC1 /* Base */ = {isa = PBXFileReference; lastKnownFileType = file.storyboard; name = Base; path = Base.lproj/Main.storyboard; sourceTree = "<group>"; };
		F783EED62FB9E645005AADC1 /* Assets.xcassets */ = {isa = PBXFileReference; lastKnownFileType = folder.assetcatalog; path = Assets.xcassets; sourceTree = "<group>"; };
		F783EED92FB9E645005AADC1 /* Base */ = {isa = PBXFileReference; lastKnownFileType = file.storyboard; name = Base; path = Base.lproj/LaunchScreen.storyboard; sourceTree = "<group>"; };
		F783EEDB2FB9E645005AADC1 /* Info.plist */ = {isa = PBXFileReference; lastKnownFileType = text.plist.xml; path = Info.plist; sourceTree = "<group>"; };
		F783EEE12FB9E89F005AADC1 /* ru.strings */ = {isa = PBXFileReference; lastKnownFileType = text.plist.strings; path = ru.strings; sourceTree = "<group>"; };
		F783EEE32FB9E8BF005AADC1 /* en.strings */ = {isa = PBXFileReference; lastKnownFileType = text.plist.strings; path = en.strings; sourceTree = "<group>"; };
		F783EEE52FB9E8D9005AADC1 /* be.strings */ = {isa = PBXFileReference; lastKnownFileType = text.plist.strings; path = be.strings; sourceTree = "<group>"; };
/* End PBXFileReference section */

/* Begin PBXFrameworksBuildPhase section */
		F783EEC72FB9E642005AADC1 /* Frameworks */ = {
			isa = PBXFrameworksBuildPhase;
			buildActionMask = 2147483647;
			files = (
			);
			runOnlyForDeploymentPostprocessing = 0;
		};
/* End PBXFrameworksBuildPhase section */

/* Begin PBXGroup section */
		F783EEC12FB9E642005AADC1 = {
			isa = PBXGroup;
			children = (
				F783EECC2FB9E642005AADC1 /* BodyCalculator */,
				F783EECB2FB9E642005AADC1 /* Products */,
			);
			sourceTree = "<group>";
		};
		F783EECB2FB9E642005AADC1 /* Products */ = {
			isa = PBXGroup;
			children = (
				F783EECA2FB9E642005AADC1 /* BodyCalculator.app */,
			);
			name = Products;
			sourceTree = "<group>";
		};
		F783EECC2FB9E642005AADC1 /* BodyCalculator */ = {
			isa = PBXGroup;
			children = (
				F783EECD2FB9E642005AADC1 /* AppDelegate.swift */,
				F783EECF2FB9E642005AADC1 /* SceneDelegate.swift */,
				F783EED12FB9E642005AADC1 /* ViewController.swift */,
				F783EED32FB9E642005AADC1 /* Main.storyboard */,
				F783EED62FB9E645005AADC1 /* Assets.xcassets */,
				F783EED82FB9E645005AADC1 /* LaunchScreen.storyboard */,
				F783EEDB2FB9E645005AADC1 /* Info.plist */,
				F783EEE12FB9E89F005AADC1 /* ru.strings */,
				F783EEE32FB9E8BF005AADC1 /* en.strings */,
				F783EEE52FB9E8D9005AADC1 /* be.strings */,
			);
			path = BodyCalculator;
			sourceTree = "<group>";
		};
/* End PBXGroup section */

/* Begin PBXNativeTarget section */
		F783EEC92FB9E642005AADC1 /* BodyCalculator */ = {
			isa = PBXNativeTarget;
			buildConfigurationList = F783EEDE2FB9E645005AADC1 /* Build configuration list for PBXNativeTarget "BodyCalculator" */;
			buildPhases = (
				F783EEC62FB9E642005AADC1 /* Sources */,
				F783EEC72FB9E642005AADC1 /* Frameworks */,
				F783EEC82FB9E642005AADC1 /* Resources */,
			);
			buildRules = (
			);
			dependencies = (
			);
			name = BodyCalculator;
			productName = BodyCalculator;
			productReference = F783EECA2FB9E642005AADC1 /* BodyCalculator.app */;
			productType = "com.apple.product-type.application";
		};
/* End PBXNativeTarget section */

/* Begin PBXProject section */
		F783EEC22FB9E642005AADC1 /* Project object */ = {
			isa = PBXProject;
			attributes = {
				BuildIndependentTargetsInParallel = 1;
				LastSwiftUpdateCheck = 1410;
				LastUpgradeCheck = 1410;
				TargetAttributes = {
					F783EEC92FB9E642005AADC1 = {
						CreatedOnToolsVersion = 14.1;
					};
				};
			};
			buildConfigurationList = F783EEC52FB9E642005AADC1 /* Build configuration list for PBXProject "BodyCalculator" */;
			compatibilityVersion = "Xcode 14.0";
			developmentRegion = en;
			hasScannedForEncodings = 0;
			knownRegions = (
				en,
				Base,
			);
			mainGroup = F783EEC12FB9E642005AADC1;
			productRefGroup = F783EECB2FB9E642005AADC1 /* Products */;
			projectDirPath = "";
			projectRoot = "";
			targets = (
				F783EEC92FB9E642005AADC1 /* BodyCalculator */,
			);
		};
/* End PBXProject section */

/* Begin PBXResourcesBuildPhase section */
		F783EEC82FB9E642005AADC1 /* Resources */ = {
			isa = PBXResourcesBuildPhase;
			buildActionMask = 2147483647;
			files = (
				F783EEDA2FB9E645005AADC1 /* LaunchScreen.storyboard in Resources */,
				F783EEE62FB9E8D9005AADC1 /* be.strings in Resources */,
				F783EEE22FB9E89F005AADC1 /* ru.strings in Resources */,
				F783EED72FB9E645005AADC1 /* Assets.xcassets in Resources */,
				F783EED52FB9E642005AADC1 /* Main.storyboard in Resources */,
				F783EEE42FB9E8BF005AADC1 /* en.strings in Resources */,
			);
			runOnlyForDeploymentPostprocessing = 0;
		};
/* End PBXResourcesBuildPhase section */

/* Begin PBXSourcesBuildPhase section */
		F783EEC62FB9E642005AADC1 /* Sources */ = {
			isa = PBXSourcesBuildPhase;
			buildActionMask = 2147483647;
			files = (
				F783EED22FB9E642005AADC1 /* ViewController.swift in Sources */,
				F783EECE2FB9E642005AADC1 /* AppDelegate.swift in Sources */,
				F783EED02FB9E642005AADC1 /* SceneDelegate.swift in Sources */,
			);
			runOnlyForDeploymentPostprocessing = 0;
		};
/* End PBXSourcesBuildPhase section */

/* Begin PBXVariantGroup section */
		F783EED32FB9E642005AADC1 /* Main.storyboard */ = {
			isa = PBXVariantGroup;
			children = (
				F783EED42FB9E642005AADC1 /* Base */,
			);
			name = Main.storyboard;
			sourceTree = "<group>";
		};
		F783EED82FB9E645005AADC1 /* LaunchScreen.storyboard */ = {
			isa = PBXVariantGroup;
			children = (
				F783EED92FB9E645005AADC1 /* Base */,
			);
			name = LaunchScreen.storyboard;
			sourceTree = "<group>";
		};
/* End PBXVariantGroup section */

/* Begin XCBuildConfiguration section */
		F783EEDC2FB9E645005AADC1 /* Debug */ = {
			isa = XCBuildConfiguration;
			buildSettings = {
				ALWAYS_SEARCH_USER_PATHS = NO;
				CLANG_ANALYZER_NONNULL = YES;
				CLANG_ANALYZER_NUMBER_OBJECT_CONVERSION = YES_AGGRESSIVE;
				CLANG_CXX_LANGUAGE_STANDARD = "gnu++20";
				CLANG_ENABLE_MODULES = YES;
				CLANG_ENABLE_OBJC_ARC = YES;
				CLANG_ENABLE_OBJC_WEAK = YES;
				CLANG_WARN_BLOCK_CAPTURE_AUTORELEASING = YES;
				CLANG_WARN_BOOL_CONVERSION = YES;
				CLANG_WARN_COMMA = YES;
				CLANG_WARN_CONSTANT_CONVERSION = YES;
				CLANG_WARN_DEPRECATED_OBJC_IMPLEMENTATIONS = YES;
				CLANG_WARN_DIRECT_OBJC_ISA_USAGE = YES_ERROR;
				CLANG_WARN_DOCUMENTATION_COMMENTS = YES;
				CLANG_WARN_EMPTY_BODY = YES;
				CLANG_WARN_ENUM_CONVERSION = YES;
				CLANG_WARN_INFINITE_RECURSION = YES;
				CLANG_WARN_INT_CONVERSION = YES;
				CLANG_WARN_NON_LITERAL_NULL_CONVERSION = YES;
				CLANG_WARN_OBJC_IMPLICIT_RETAIN_SELF = YES;
				CLANG_WARN_OBJC_LITERAL_CONVERSION = YES;
				CLANG_WARN_OBJC_ROOT_CLASS = YES_ERROR;
				CLANG_WARN_QUOTED_INCLUDE_IN_FRAMEWORK_HEADER = YES;
				CLANG_WARN_RANGE_LOOP_ANALYSIS = YES;
				CLANG_WARN_STRICT_PROTOTYPES = YES;
				CLANG_WARN_SUSPICIOUS_MOVE = YES;
				CLANG_WARN_UNGUARDED_AVAILABILITY = YES_AGGRESSIVE;
				CLANG_WARN_UNREACHABLE_CODE = YES;
				CLANG_WARN__DUPLICATE_METHOD_MATCH = YES;
				COPY_PHASE_STRIP = NO;
				DEBUG_INFORMATION_FORMAT = dwarf;
				ENABLE_STRICT_OBJC_MSGSEND = YES;
				ENABLE_TESTABILITY = YES;
				GCC_C_LANGUAGE_STANDARD = gnu11;
				GCC_DYNAMIC_NO_PIC = NO;
				GCC_NO_COMMON_BLOCKS = YES;
				GCC_OPTIMIZATION_LEVEL = 0;
				GCC_PREPROCESSOR_DEFINITIONS = (
					"DEBUG=1",
					"$(inherited)",
				);
				GCC_WARN_64_TO_32_BIT_CONVERSION = YES;
				GCC_WARN_ABOUT_RETURN_TYPE = YES_ERROR;
				GCC_WARN_UNDECLARED_SELECTOR = YES;
				GCC_WARN_UNINITIALIZED_AUTOS = YES_AGGRESSIVE;
				GCC_WARN_UNUSED_FUNCTION = YES;
				GCC_WARN_UNUSED_VARIABLE = YES;
				IPHONEOS_DEPLOYMENT_TARGET = 16.1;
				MTL_ENABLE_DEBUG_INFO = INCLUDE_SOURCE;
				MTL_FAST_MATH = YES;
				ONLY_ACTIVE_ARCH = YES;
				SDKROOT = iphoneos;
				SWIFT_ACTIVE_COMPILATION_CONDITIONS = DEBUG;
				SWIFT_OPTIMIZATION_LEVEL = "-Onone";
			};
			name = Debug;
		};
		F783EEDD2FB9E645005AADC1 /* Release */ = {
			isa = XCBuildConfiguration;
			buildSettings = {
				ALWAYS_SEARCH_USER_PATHS = NO;
				CLANG_ANALYZER_NONNULL = YES;
				CLANG_ANALYZER_NUMBER_OBJECT_CONVERSION = YES_AGGRESSIVE;
				CLANG_CXX_LANGUAGE_STANDARD = "gnu++20";
				CLANG_ENABLE_MODULES = YES;
				CLANG_ENABLE_OBJC_ARC = YES;
				CLANG_ENABLE_OBJC_WEAK = YES;
				CLANG_WARN_BLOCK_CAPTURE_AUTORELEASING = YES;
				CLANG_WARN_BOOL_CONVERSION = YES;
				CLANG_WARN_COMMA = YES;
				CLANG_WARN_CONSTANT_CONVERSION = YES;
				CLANG_WARN_DEPRECATED_OBJC_IMPLEMENTATIONS = YES;
				CLANG_WARN_DIRECT_OBJC_ISA_USAGE = YES_ERROR;
				CLANG_WARN_DOCUMENTATION_COMMENTS = YES;
				CLANG_WARN_EMPTY_BODY = YES;
				CLANG_WARN_ENUM_CONVERSION = YES;
				CLANG_WARN_INFINITE_RECURSION = YES;
				CLANG_WARN_INT_CONVERSION = YES;
				CLANG_WARN_NON_LITERAL_NULL_CONVERSION = YES;
				CLANG_WARN_OBJC_IMPLICIT_RETAIN_SELF = YES;
				CLANG_WARN_OBJC_LITERAL_CONVERSION = YES;
				CLANG_WARN_OBJC_ROOT_CLASS = YES_ERROR;
				CLANG_WARN_QUOTED_INCLUDE_IN_FRAMEWORK_HEADER = YES;
				CLANG_WARN_RANGE_LOOP_ANALYSIS = YES;
				CLANG_WARN_STRICT_PROTOTYPES = YES;
				CLANG_WARN_SUSPICIOUS_MOVE = YES;
				CLANG_WARN_UNGUARDED_AVAILABILITY = YES_AGGRESSIVE;
				CLANG_WARN_UNREACHABLE_CODE = YES;
				CLANG_WARN__DUPLICATE_METHOD_MATCH = YES;
				COPY_PHASE_STRIP = NO;
				DEBUG_INFORMATION_FORMAT = "dwarf-with-dsym";
				ENABLE_NS_ASSERTIONS = NO;
				ENABLE_STRICT_OBJC_MSGSEND = YES;
				GCC_C_LANGUAGE_STANDARD = gnu11;
				GCC_NO_COMMON_BLOCKS = YES;
				GCC_WARN_64_TO_32_BIT_CONVERSION = YES;
				GCC_WARN_ABOUT_RETURN_TYPE = YES_ERROR;
				GCC_WARN_UNDECLARED_SELECTOR = YES;
				GCC_WARN_UNINITIALIZED_AUTOS = YES_AGGRESSIVE;
				GCC_WARN_UNUSED_FUNCTION = YES;
				GCC_WARN_UNUSED_VARIABLE = YES;
				IPHONEOS_DEPLOYMENT_TARGET = 16.1;
				MTL_ENABLE_DEBUG_INFO = NO;
				MTL_FAST_MATH = YES;
				SDKROOT = iphoneos;
				SWIFT_COMPILATION_MODE = wholemodule;
				SWIFT_OPTIMIZATION_LEVEL = "-O";
				VALIDATE_PRODUCT = YES;
			};
			name = Release;
		};
		F783EEDF2FB9E645005AADC1 /* Debug */ = {
			isa = XCBuildConfiguration;
			buildSettings = {
				ASSETCATALOG_COMPILER_APPICON_NAME = AppIcon;
				ASSETCATALOG_COMPILER_GLOBAL_ACCENT_COLOR_NAME = AccentColor;
				CODE_SIGN_STYLE = Automatic;
				CURRENT_PROJECT_VERSION = 1;
				GENERATE_INFOPLIST_FILE = YES;
				INFOPLIST_FILE = BodyCalculator/Info.plist;
				INFOPLIST_KEY_UIApplicationSupportsIndirectInputEvents = YES;
				INFOPLIST_KEY_UILaunchStoryboardName = LaunchScreen;
				INFOPLIST_KEY_UIMainStoryboardFile = Main;
				INFOPLIST_KEY_UISupportedInterfaceOrientations_iPad = "UIInterfaceOrientationPortrait UIInterfaceOrientationPortraitUpsideDown UIInterfaceOrientationLandscapeLeft UIInterfaceOrientationLandscapeRight";
				INFOPLIST_KEY_UISupportedInterfaceOrientations_iPhone = "UIInterfaceOrientationPortrait UIInterfaceOrientationLandscapeLeft UIInterfaceOrientationLandscapeRight";
				LD_RUNPATH_SEARCH_PATHS = (
					"$(inherited)",
					"@executable_path/Frameworks",
				);
				MARKETING_VERSION = 1.0;
				PRODUCT_BUNDLE_IDENTIFIER = no.BodyCalculator;
				PRODUCT_NAME = "$(TARGET_NAME)";
				SWIFT_EMIT_LOC_STRINGS = YES;
				SWIFT_VERSION = 5.0;
				TARGETED_DEVICE_FAMILY = "1,2";
			};
			name = Debug;
		};
		F783EEE02FB9E645005AADC1 /* Release */ = {
			isa = XCBuildConfiguration;
			buildSettings = {
				ASSETCATALOG_COMPILER_APPICON_NAME = AppIcon;
				ASSETCATALOG_COMPILER_GLOBAL_ACCENT_COLOR_NAME = AccentColor;
				CODE_SIGN_STYLE = Automatic;
				CURRENT_PROJECT_VERSION = 1;
				GENERATE_INFOPLIST_FILE = YES;
				INFOPLIST_FILE = BodyCalculator/Info.plist;
				INFOPLIST_KEY_UIApplicationSupportsIndirectInputEvents = YES;
				INFOPLIST_KEY_UILaunchStoryboardName = LaunchScreen;
				INFOPLIST_KEY_UIMainStoryboardFile = Main;
				INFOPLIST_KEY_UISupportedInterfaceOrientations_iPad = "UIInterfaceOrientationPortrait UIInterfaceOrientationPortraitUpsideDown UIInterfaceOrientationLandscapeLeft UIInterfaceOrientationLandscapeRight";
				INFOPLIST_KEY_UISupportedInterfaceOrientations_iPhone = "UIInterfaceOrientationPortrait UIInterfaceOrientationLandscapeLeft UIInterfaceOrientationLandscapeRight";
				LD_RUNPATH_SEARCH_PATHS = (
					"$(inherited)",
					"@executable_path/Frameworks",
				);
				MARKETING_VERSION = 1.0;
				PRODUCT_BUNDLE_IDENTIFIER = no.BodyCalculator;
				PRODUCT_NAME = "$(TARGET_NAME)";
				SWIFT_EMIT_LOC_STRINGS = YES;
				SWIFT_VERSION = 5.0;
				TARGETED_DEVICE_FAMILY = "1,2";
			};
			name = Release;
		};
/* End XCBuildConfiguration section */

/* Begin XCConfigurationList section */
		F783EEC52FB9E642005AADC1 /* Build configuration list for PBXProject "BodyCalculator" */ = {
			isa = XCConfigurationList;
			buildConfigurations = (
				F783EEDC2FB9E645005AADC1 /* Debug */,
				F783EEDD2FB9E645005AADC1 /* Release */,
			);
			defaultConfigurationIsVisible = 0;
			defaultConfigurationName = Release;
		};
		F783EEDE2FB9E645005AADC1 /* Build configuration list for PBXNativeTarget "BodyCalculator" */ = {
			isa = XCConfigurationList;
			buildConfigurations = (
				F783EEDF2FB9E645005AADC1 /* Debug */,
				F783EEE02FB9E645005AADC1 /* Release */,
			);
			defaultConfigurationIsVisible = 0;
			defaultConfigurationName = Release;
		};
/* End XCConfigurationList section */
	};
	rootObject = F783EEC22FB9E642005AADC1 /* Project object */;
}
